github.com/juju/errors v1.0.0 h1:yiq7kjCLll1BiaRuNY53MGI0+EQ3rF6GB+wvboZDefM=
github.com/juju/errors v1.0.0/go.mod h1:B5x9thDqx0wIMH3+aLIMP9HjItInYWObRovoCFM5Qe8=
github.com/obgnail/clash-api v0.0.0-20240403131721-a9bb8f147312 h1:4hEwL2goze7Kagvc6SPEZEIqsT8aHYUX7nuyHDCq/wU=
github.com/obgnail/clash-api v0.0.0-20240403131721-a9bb8f147312/go.mod h1:juE4FC9AGwbbhFNqzsc7yPa6pGnzHX76yj6lhA+CQIo=
